
Microsoft Visual Studio Solution File, Format Version 12.00
# Visual Studio Version 16
VisualStudioVersion = 16.0.29905.134
MinimumVisualStudioVersion = 10.0.40219.1
Project("{FAE04EC0-301F-11D3-BF4B-00C04F79EFBC}") = "WorkingWithVisualStudio", "WorkingWithVisualStudio.csproj", "{4754DFF6-0923-403B-B080-355173C1FA36}"
EndProject
Global
	GlobalSection(SolutionConfigurationPlatforms) = preSolution
		Debug|Any CPU = Debug|Any CPU
		Release|Any CPU = Release|Any CPU
	EndGlobalSection
	GlobalSection(ProjectConfigurationPlatforms) = postSolution
		{4754DFF6-0923-403B-B080-355173C1FA36}.Debug|Any CPU.ActiveCfg = Debug|Any CPU
		{4754DFF6-0923-403B-B080-355173C1FA36}.Debug|Any CPU.Build.0 = Debug|Any CPU
		{4754DFF6-0923-403B-B080-355173C1FA36}.Release|Any CPU.ActiveCfg = Release|Any CPU
		{4754DFF6-0923-403B-B080-355173C1FA36}.Release|Any CPU.Build.0 = Release|Any CPU
	EndGlobalSection
	GlobalSection(SolutionProperties) = preSolution
		HideSolutionNode = FALSE
	EndGlobalSection
	GlobalSection(ExtensibilityGlobals) = postSolution
		SolutionGuid = {C8425819-294D-475E-B0EB-09F33EB99F1A}
	EndGlobalSection
EndGlobal
