
Microsoft Visual Studio Solution File, Format Version 12.00
# Visual Studio Version 16
VisualStudioVersion = 16.0.29806.167
MinimumVisualStudioVersion = 10.0.40219.1
Project("{FAE04EC0-301F-11D3-BF4B-00C04F79EFBC}") = "Bet", "Bet.csproj", "{19FE1D8B-1E10-4EBF-AA9D-582A6ED73D7B}"
EndProject
Global
	GlobalSection(SolutionConfigurationPlatforms) = preSolution
		Debug|Any CPU = Debug|Any CPU
		Release|Any CPU = Release|Any CPU
	EndGlobalSection
	GlobalSection(ProjectConfigurationPlatforms) = postSolution
		{19FE1D8B-1E10-4EBF-AA9D-582A6ED73D7B}.Debug|Any CPU.ActiveCfg = Debug|Any CPU
		{19FE1D8B-1E10-4EBF-AA9D-582A6ED73D7B}.Debug|Any CPU.Build.0 = Debug|Any CPU
		{19FE1D8B-1E10-4EBF-AA9D-582A6ED73D7B}.Release|Any CPU.ActiveCfg = Release|Any CPU
		{19FE1D8B-1E10-4EBF-AA9D-582A6ED73D7B}.Release|Any CPU.Build.0 = Release|Any CPU
	EndGlobalSection
	GlobalSection(SolutionProperties) = preSolution
		HideSolutionNode = FALSE
	EndGlobalSection
	GlobalSection(ExtensibilityGlobals) = postSolution
		SolutionGuid = {88DDD4BD-78A7-4641-A69A-7AC2020E0D44}
	EndGlobalSection
EndGlobal
